
Microsoft Visual Studio Solution File, Format Version 12.00
# Visual Studio Version 17
VisualStudioVersion = 17.0.31903.59
MinimumVisualStudioVersion = 10.0.40219.1
Project("{2150E333-8FDC-42A3-9474-1A3956D46DE8}") = "01 Infraestructure", "01 Infraestructure", "{64CEBD7F-936D-4CA6-8775-652C2219B3FB}"
EndProject
Project("{FAE04EC0-301F-11D3-BF4B-00C04F79EFBC}") = "Infraestructure.Data", "Infraestructure.Data\Infraestructure.Data.csproj", "{4D150956-E122-44A9-8FE6-C103F9DE58D9}"
EndProject
Project("{FAE04EC0-301F-11D3-BF4B-00C04F79EFBC}") = "Infraestructure.Interface", "Infraestructure.Interface\Infraestructure.Interface.csproj", "{DFE8A5C1-967E-4B16-8468-5DC99A38FC42}"
EndProject
Project("{FAE04EC0-301F-11D3-BF4B-00C04F79EFBC}") = "Infraestructure.Repository", "Infraestructure.Repository\Infraestructure.Repository.csproj", "{E7F14417-00CD-4CFE-B4B8-83C8E0E1167F}"
EndProject
Project("{2150E333-8FDC-42A3-9474-1A3956D46DE8}") = "02 Domain", "02 Domain", "{CC855FD1-0C43-4B6D-A971-CAD683B5AB96}"
EndProject
Project("{FAE04EC0-301F-11D3-BF4B-00C04F79EFBC}") = "Domain.Core", "Domain.Core\Domain.Core.csproj", "{7FFF8FF5-7448-4698-8A49-879BCB7217E6}"
EndProject
Project("{FAE04EC0-301F-11D3-BF4B-00C04F79EFBC}") = "Domain.Entity", "Domain.Entity\Domain.Entity.csproj", "{0FF2C4E5-6955-4F9C-A97A-BAFA5B60A767}"
EndProject
Project("{FAE04EC0-301F-11D3-BF4B-00C04F79EFBC}") = "Domain.Interface", "Domain.Interface\Domain.Interface.csproj", "{006F3215-D7B3-4742-9E15-E26C2F372FDB}"
EndProject
Project("{2150E333-8FDC-42A3-9474-1A3956D46DE8}") = "03 Application", "03 Application", "{1B81F325-B965-47E6-AC57-5579513EBD04}"
EndProject
Project("{FAE04EC0-301F-11D3-BF4B-00C04F79EFBC}") = "Application.DTO", "Application.DTO\Application.DTO.csproj", "{BE073B8E-DBBC-4803-9F57-DA26B96081FD}"
EndProject
Project("{FAE04EC0-301F-11D3-BF4B-00C04F79EFBC}") = "Application.Interface", "Application.Interface\Application.Interface.csproj", "{05BD7159-9DD4-4901-A51D-E0401CD4CBF2}"
EndProject
Project("{FAE04EC0-301F-11D3-BF4B-00C04F79EFBC}") = "Application.Main", "Application.Main\Application.Main.csproj", "{62F9CC35-69E3-44DE-92C8-CA565FB904E5}"
EndProject
Project("{2150E333-8FDC-42A3-9474-1A3956D46DE8}") = "04 Service", "04 Service", "{8100183D-C738-4768-86AD-7D717827D7AE}"
EndProject
Project("{FAE04EC0-301F-11D3-BF4B-00C04F79EFBC}") = "Service.Api", "Service.Api\Service.Api.csproj", "{9AA181B4-36FD-4232-A83F-902E82F0099E}"
EndProject
Project("{2150E333-8FDC-42A3-9474-1A3956D46DE8}") = "05 Transversal", "05 Transversal", "{201E9B86-769A-4963-81D4-03E3014726B5}"
EndProject
Project("{FAE04EC0-301F-11D3-BF4B-00C04F79EFBC}") = "Transversal.Common", "Transversal.Common\Transversal.Common.csproj", "{3B2DAEA8-3BFF-47F3-89A2-9603B7D48FFD}"
EndProject
Project("{FAE04EC0-301F-11D3-BF4B-00C04F79EFBC}") = "Transversal.Logging", "Transversal.Logging\Transversal.Logging.csproj", "{725CE771-1AED-4124-BC5D-FF868D72543E}"
EndProject
Global
	GlobalSection(SolutionConfigurationPlatforms) = preSolution
		Debug|Any CPU = Debug|Any CPU
		Release|Any CPU = Release|Any CPU
	EndGlobalSection
	GlobalSection(SolutionProperties) = preSolution
		HideSolutionNode = FALSE
	EndGlobalSection
	GlobalSection(ProjectConfigurationPlatforms) = postSolution
		{4D150956-E122-44A9-8FE6-C103F9DE58D9}.Debug|Any CPU.ActiveCfg = Debug|Any CPU
		{4D150956-E122-44A9-8FE6-C103F9DE58D9}.Debug|Any CPU.Build.0 = Debug|Any CPU
		{4D150956-E122-44A9-8FE6-C103F9DE58D9}.Release|Any CPU.ActiveCfg = Release|Any CPU
		{4D150956-E122-44A9-8FE6-C103F9DE58D9}.Release|Any CPU.Build.0 = Release|Any CPU
		{DFE8A5C1-967E-4B16-8468-5DC99A38FC42}.Debug|Any CPU.ActiveCfg = Debug|Any CPU
		{DFE8A5C1-967E-4B16-8468-5DC99A38FC42}.Debug|Any CPU.Build.0 = Debug|Any CPU
		{DFE8A5C1-967E-4B16-8468-5DC99A38FC42}.Release|Any CPU.ActiveCfg = Release|Any CPU
		{DFE8A5C1-967E-4B16-8468-5DC99A38FC42}.Release|Any CPU.Build.0 = Release|Any CPU
		{E7F14417-00CD-4CFE-B4B8-83C8E0E1167F}.Debug|Any CPU.ActiveCfg = Debug|Any CPU
		{E7F14417-00CD-4CFE-B4B8-83C8E0E1167F}.Debug|Any CPU.Build.0 = Debug|Any CPU
		{E7F14417-00CD-4CFE-B4B8-83C8E0E1167F}.Release|Any CPU.ActiveCfg = Release|Any CPU
		{E7F14417-00CD-4CFE-B4B8-83C8E0E1167F}.Release|Any CPU.Build.0 = Release|Any CPU
		{7FFF8FF5-7448-4698-8A49-879BCB7217E6}.Debug|Any CPU.ActiveCfg = Debug|Any CPU
		{7FFF8FF5-7448-4698-8A49-879BCB7217E6}.Debug|Any CPU.Build.0 = Debug|Any CPU
		{7FFF8FF5-7448-4698-8A49-879BCB7217E6}.Release|Any CPU.ActiveCfg = Release|Any CPU
		{7FFF8FF5-7448-4698-8A49-879BCB7217E6}.Release|Any CPU.Build.0 = Release|Any CPU
		{0FF2C4E5-6955-4F9C-A97A-BAFA5B60A767}.Debug|Any CPU.ActiveCfg = Debug|Any CPU
		{0FF2C4E5-6955-4F9C-A97A-BAFA5B60A767}.Debug|Any CPU.Build.0 = Debug|Any CPU
		{0FF2C4E5-6955-4F9C-A97A-BAFA5B60A767}.Release|Any CPU.ActiveCfg = Release|Any CPU
		{0FF2C4E5-6955-4F9C-A97A-BAFA5B60A767}.Release|Any CPU.Build.0 = Release|Any CPU
		{006F3215-D7B3-4742-9E15-E26C2F372FDB}.Debug|Any CPU.ActiveCfg = Debug|Any CPU
		{006F3215-D7B3-4742-9E15-E26C2F372FDB}.Debug|Any CPU.Build.0 = Debug|Any CPU
		{006F3215-D7B3-4742-9E15-E26C2F372FDB}.Release|Any CPU.ActiveCfg = Release|Any CPU
		{006F3215-D7B3-4742-9E15-E26C2F372FDB}.Release|Any CPU.Build.0 = Release|Any CPU
		{BE073B8E-DBBC-4803-9F57-DA26B96081FD}.Debug|Any CPU.ActiveCfg = Debug|Any CPU
		{BE073B8E-DBBC-4803-9F57-DA26B96081FD}.Debug|Any CPU.Build.0 = Debug|Any CPU
		{BE073B8E-DBBC-4803-9F57-DA26B96081FD}.Release|Any CPU.ActiveCfg = Release|Any CPU
		{BE073B8E-DBBC-4803-9F57-DA26B96081FD}.Release|Any CPU.Build.0 = Release|Any CPU
		{05BD7159-9DD4-4901-A51D-E0401CD4CBF2}.Debug|Any CPU.ActiveCfg = Debug|Any CPU
		{05BD7159-9DD4-4901-A51D-E0401CD4CBF2}.Debug|Any CPU.Build.0 = Debug|Any CPU
		{05BD7159-9DD4-4901-A51D-E0401CD4CBF2}.Release|Any CPU.ActiveCfg = Release|Any CPU
		{05BD7159-9DD4-4901-A51D-E0401CD4CBF2}.Release|Any CPU.Build.0 = Release|Any CPU
		{62F9CC35-69E3-44DE-92C8-CA565FB904E5}.Debug|Any CPU.ActiveCfg = Debug|Any CPU
		{62F9CC35-69E3-44DE-92C8-CA565FB904E5}.Debug|Any CPU.Build.0 = Debug|Any CPU
		{62F9CC35-69E3-44DE-92C8-CA565FB904E5}.Release|Any CPU.ActiveCfg = Release|Any CPU
		{62F9CC35-69E3-44DE-92C8-CA565FB904E5}.Release|Any CPU.Build.0 = Release|Any CPU
		{9AA181B4-36FD-4232-A83F-902E82F0099E}.Debug|Any CPU.ActiveCfg = Debug|Any CPU
		{9AA181B4-36FD-4232-A83F-902E82F0099E}.Debug|Any CPU.Build.0 = Debug|Any CPU
		{9AA181B4-36FD-4232-A83F-902E82F0099E}.Release|Any CPU.ActiveCfg = Release|Any CPU
		{9AA181B4-36FD-4232-A83F-902E82F0099E}.Release|Any CPU.Build.0 = Release|Any CPU
		{3B2DAEA8-3BFF-47F3-89A2-9603B7D48FFD}.Debug|Any CPU.ActiveCfg = Debug|Any CPU
		{3B2DAEA8-3BFF-47F3-89A2-9603B7D48FFD}.Debug|Any CPU.Build.0 = Debug|Any CPU
		{3B2DAEA8-3BFF-47F3-89A2-9603B7D48FFD}.Release|Any CPU.ActiveCfg = Release|Any CPU
		{3B2DAEA8-3BFF-47F3-89A2-9603B7D48FFD}.Release|Any CPU.Build.0 = Release|Any CPU
		{725CE771-1AED-4124-BC5D-FF868D72543E}.Debug|Any CPU.ActiveCfg = Debug|Any CPU
		{725CE771-1AED-4124-BC5D-FF868D72543E}.Debug|Any CPU.Build.0 = Debug|Any CPU
		{725CE771-1AED-4124-BC5D-FF868D72543E}.Release|Any CPU.ActiveCfg = Release|Any CPU
		{725CE771-1AED-4124-BC5D-FF868D72543E}.Release|Any CPU.Build.0 = Release|Any CPU
	EndGlobalSection
	GlobalSection(NestedProjects) = preSolution
		{4D150956-E122-44A9-8FE6-C103F9DE58D9} = {64CEBD7F-936D-4CA6-8775-652C2219B3FB}
		{DFE8A5C1-967E-4B16-8468-5DC99A38FC42} = {64CEBD7F-936D-4CA6-8775-652C2219B3FB}
		{E7F14417-00CD-4CFE-B4B8-83C8E0E1167F} = {64CEBD7F-936D-4CA6-8775-652C2219B3FB}
		{7FFF8FF5-7448-4698-8A49-879BCB7217E6} = {CC855FD1-0C43-4B6D-A971-CAD683B5AB96}
		{0FF2C4E5-6955-4F9C-A97A-BAFA5B60A767} = {CC855FD1-0C43-4B6D-A971-CAD683B5AB96}
		{006F3215-D7B3-4742-9E15-E26C2F372FDB} = {CC855FD1-0C43-4B6D-A971-CAD683B5AB96}
		{BE073B8E-DBBC-4803-9F57-DA26B96081FD} = {1B81F325-B965-47E6-AC57-5579513EBD04}
		{05BD7159-9DD4-4901-A51D-E0401CD4CBF2} = {1B81F325-B965-47E6-AC57-5579513EBD04}
		{62F9CC35-69E3-44DE-92C8-CA565FB904E5} = {1B81F325-B965-47E6-AC57-5579513EBD04}
		{9AA181B4-36FD-4232-A83F-902E82F0099E} = {8100183D-C738-4768-86AD-7D717827D7AE}
		{3B2DAEA8-3BFF-47F3-89A2-9603B7D48FFD} = {201E9B86-769A-4963-81D4-03E3014726B5}
		{725CE771-1AED-4124-BC5D-FF868D72543E} = {201E9B86-769A-4963-81D4-03E3014726B5}
	EndGlobalSection
EndGlobal
